// !$*UTF8*$!
{
	archiveVersion = 1;
	classes = {
	};
	objectVersion = 46;
	objects = {

/* Begin PBXBuildFile section */
		7715883017A91CA700FEA414 /* UIKit.framework in Frameworks */ = {isa = PBXBuildFile; fileRef = 7715882F17A91CA700FEA414 /* UIKit.framework */; };
		7715883217A91CA700FEA414 /* Foundation.framework in Frameworks */ = {isa = PBXBuildFile; fileRef = 7715883117A91CA700FEA414 /* Foundation.framework */; };
		7715883417A91CA700FEA414 /* CoreGraphics.framework in Frameworks */ = {isa = PBXBuildFile; fileRef = 7715883317A91CA700FEA414 /* CoreGraphics.framework */; };
		7715883A17A91CA700FEA414 /* InfoPlist.strings in Resources */ = {isa = PBXBuildFile; fileRef = 7715883817A91CA700FEA414 /* InfoPlist.strings */; };
		7715883C17A91CA700FEA414 /* main.m in Sources */ = {isa = PBXBuildFile; fileRef = 7715883B17A91CA700FEA414 /* main.m */; };
		7715884017A91CA700FEA414 /* AppDelegate.m in Sources */ = {isa = PBXBuildFile; fileRef = 7715883F17A91CA700FEA414 /* AppDelegate.m */; };
		7715884217A91CA700FEA414 /* Default.png in Resources */ = {isa = PBXBuildFile; fileRef = 7715884117A91CA700FEA414 /* Default.png */; };
		7715884417A91CA800FEA414 /* Default@2x.png in Resources */ = {isa = PBXBuildFile; fileRef = 7715884317A91CA800FEA414 /* Default@2x.png */; };
		7715884617A91CA800FEA414 /* Default-568h@2x.png in Resources */ = {isa = PBXBuildFile; fileRef = 7715884517A91CA800FEA414 /* Default-568h@2x.png */; };
		7715884917A91CA800FEA414 /* ViewController.m in Sources */ = {isa = PBXBuildFile; fileRef = 7715884817A91CA800FEA414 /* ViewController.m */; };
		7715884C17A91CA800FEA414 /* ViewController.xib in Resources */ = {isa = PBXBuildFile; fileRef = 7715884A17A91CA800FEA414 /* ViewController.xib */; };
		7715885517A91CF700FEA414 /* SampleCell.m in Sources */ = {isa = PBXBuildFile; fileRef = 7715885317A91CF700FEA414 /* SampleCell.m */; };
		7715885617A91CF700FEA414 /* SampleCell.xib in Resources */ = {isa = PBXBuildFile; fileRef = 7715885417A91CF700FEA414 /* SampleCell.xib */; };
		7715885817A91E6600FEA414 /* temp.png in Resources */ = {isa = PBXBuildFile; fileRef = 7715885717A91E6600FEA414 /* temp.png */; };
		7715885C17A9205500FEA414 /* DetailViewController.m in Sources */ = {isa = PBXBuildFile; fileRef = 7715885A17A9205500FEA414 /* DetailViewController.m */; };
		7715885D17A9205500FEA414 /* DetailViewController.xib in Resources */ = {isa = PBXBuildFile; fileRef = 7715885B17A9205500FEA414 /* DetailViewController.xib */; };
		77CC9EDD17AA52250042EB0B /* images-7.jpeg in Resources */ = {isa = PBXBuildFile; fileRef = 77CC9ED317AA52250042EB0B /* images-7.jpeg */; };
		77CC9EDE17AA52250042EB0B /* images-6.jpeg in Resources */ = {isa = PBXBuildFile; fileRef = 77CC9ED417AA52250042EB0B /* images-6.jpeg */; };
		77CC9EDF17AA52250042EB0B /* images-5.jpeg in Resources */ = {isa = PBXBuildFile; fileRef = 77CC9ED517AA52250042EB0B /* images-5.jpeg */; };
		77CC9EE017AA52250042EB0B /* images-4.jpeg in Resources */ = {isa = PBXBuildFile; fileRef = 77CC9ED617AA52250042EB0B /* images-4.jpeg */; };
		77CC9EE117AA52250042EB0B /* images-3.jpeg in Resources */ = {isa = PBXBuildFile; fileRef = 77CC9ED717AA52250042EB0B /* images-3.jpeg */; };
		77CC9EE217AA52250042EB0B /* images-2.jpeg in Resources */ = {isa = PBXBuildFile; fileRef = 77CC9ED817AA52250042EB0B /* images-2.jpeg */; };
		77CC9EE317AA52250042EB0B /* images-1.jpeg in Resources */ = {isa = PBXBuildFile; fileRef = 77CC9ED917AA52250042EB0B /* images-1.jpeg */; };
		77CC9EE417AA52250042EB0B /* images-8.jpeg in Resources */ = {isa = PBXBuildFile; fileRef = 77CC9EDA17AA52250042EB0B /* images-8.jpeg */; };
		77CC9EE517AA52250042EB0B /* images-9.jpeg in Resources */ = {isa = PBXBuildFile; fileRef = 77CC9EDB17AA52250042EB0B /* images-9.jpeg */; };
		77CC9EE617AA52250042EB0B /* images-10.jpeg in Resources */ = {isa = PBXBuildFile; fileRef = 77CC9EDC17AA52250042EB0B /* images-10.jpeg */; };
		77CC9EE817AA52650042EB0B /* SampleData.plist in Resources */ = {isa = PBXBuildFile; fileRef = 77CC9EE717AA52650042EB0B /* SampleData.plist */; };
		77D69FB617ABDE2B00DE21A4 /* sample.gif in Resources */ = {isa = PBXBuildFile; fileRef = 77D69FB517ABDE2B00DE21A4 /* sample.gif */; };
/* End PBXBuildFile section */

/* Begin PBXFileReference section */
		7715882C17A91CA700FEA414 /* MJTransitionEffect.app */ = {isa = PBXFileReference; explicitFileType = wrapper.application; includeInIndex = 0; path = MJTransitionEffect.app; sourceTree = BUILT_PRODUCTS_DIR; };
		7715882F17A91CA700FEA414 /* UIKit.framework */ = {isa = PBXFileReference; lastKnownFileType = wrapper.framework; name = UIKit.framework; path = System/Library/Frameworks/UIKit.framework; sourceTree = SDKROOT; };
		7715883117A91CA700FEA414 /* Foundation.framework */ = {isa = PBXFileReference; lastKnownFileType = wrapper.framework; name = Foundation.framework; path = System/Library/Frameworks/Foundation.framework; sourceTree = SDKROOT; };
		7715883317A91CA700FEA414 /* CoreGraphics.framework */ = {isa = PBXFileReference; lastKnownFileType = wrapper.framework; name = CoreGraphics.framework; path = System/Library/Frameworks/CoreGraphics.framework; sourceTree = SDKROOT; };
		7715883717A91CA700FEA414 /* MJTransitionEffect-Info.plist */ = {isa = PBXFileReference; lastKnownFileType = text.plist.xml; path = "MJTransitionEffect-Info.plist"; sourceTree = "<group>"; };
		7715883917A91CA700FEA414 /* en */ = {isa = PBXFileReference; lastKnownFileType = text.plist.strings; name = en; path = en.lproj/InfoPlist.strings; sourceTree = "<group>"; };
		7715883B17A91CA700FEA414 /* main.m */ = {isa = PBXFileReference; lastKnownFileType = sourcecode.c.objc; path = main.m; sourceTree = "<group>"; };
		7715883D17A91CA700FEA414 /* MJTransitionEffect-Prefix.pch */ = {isa = PBXFileReference; lastKnownFileType = sourcecode.c.h; path = "MJTransitionEffect-Prefix.pch"; sourceTree = "<group>"; };
		7715883E17A91CA700FEA414 /* AppDelegate.h */ = {isa = PBXFileReference; lastKnownFileType = sourcecode.c.h; path = AppDelegate.h; sourceTree = "<group>"; };
		7715883F17A91CA700FEA414 /* AppDelegate.m */ = {isa = PBXFileReference; lastKnownFileType = sourcecode.c.objc; path = AppDelegate.m; sourceTree = "<group>"; };
		7715884117A91CA700FEA414 /* Default.png */ = {isa = PBXFileReference; lastKnownFileType = image.png; path = Default.png; sourceTree = "<group>"; };
		7715884317A91CA800FEA414 /* Default@2x.png */ = {isa = PBXFileReference; lastKnownFileType = image.png; path = "Default@2x.png"; sourceTree = "<group>"; };
		7715884517A91CA800FEA414 /* Default-568h@2x.png */ = {isa = PBXFileReference; lastKnownFileType = image.png; path = "Default-568h@2x.png"; sourceTree = "<group>"; };
		7715884717A91CA800FEA414 /* ViewController.h */ = {isa = PBXFileReference; lastKnownFileType = sourcecode.c.h; path = ViewController.h; sourceTree = "<group>"; };
		7715884817A91CA800FEA414 /* ViewController.m */ = {isa = PBXFileReference; lastKnownFileType = sourcecode.c.objc; path = ViewController.m; sourceTree = "<group>"; };
		7715884B17A91CA800FEA414 /* en */ = {isa = PBXFileReference; lastKnownFileType = file.xib; name = en; path = en.lproj/ViewController.xib; sourceTree = "<group>"; };
		7715885217A91CF700FEA414 /* SampleCell.h */ = {isa = PBXFileReference; fileEncoding = 4; lastKnownFileType = sourcecode.c.h; path = SampleCell.h; sourceTree = "<group>"; };
		7715885317A91CF700FEA414 /* SampleCell.m */ = {isa = PBXFileReference; fileEncoding = 4; lastKnownFileType = sourcecode.c.objc; path = SampleCell.m; sourceTree = "<group>"; };
		7715885417A91CF700FEA414 /* SampleCell.xib */ = {isa = PBXFileReference; fileEncoding = 4; lastKnownFileType = file.xib; path = SampleCell.xib; sourceTree = "<group>"; };
		7715885717A91E6600FEA414 /* temp.png */ = {isa = PBXFileReference; lastKnownFileType = image.png; path = temp.png; sourceTree = "<group>"; };
		7715885917A9205500FEA414 /* DetailViewController.h */ = {isa = PBXFileReference; fileEncoding = 4; lastKnownFileType = sourcecode.c.h; path = DetailViewController.h; sourceTree = "<group>"; };
		7715885A17A9205500FEA414 /* DetailViewController.m */ = {isa = PBXFileReference; fileEncoding = 4; lastKnownFileType = sourcecode.c.objc; path = DetailViewController.m; sourceTree = "<group>"; };
		7715885B17A9205500FEA414 /* DetailViewController.xib */ = {isa = PBXFileReference; fileEncoding = 4; lastKnownFileType = file.xib; path = DetailViewController.xib; sourceTree = "<group>"; };
		77CC9ED317AA52250042EB0B /* images-7.jpeg */ = {isa = PBXFileReference; lastKnownFileType = image.jpeg; path = "images-7.jpeg"; sourceTree = "<group>"; };
		77CC9ED417AA52250042EB0B /* images-6.jpeg */ = {isa = PBXFileReference; lastKnownFileType = image.jpeg; path = "images-6.jpeg"; sourceTree = "<group>"; };
		77CC9ED517AA52250042EB0B /* images-5.jpeg */ = {isa = PBXFileReference; lastKnownFileType = image.jpeg; path = "images-5.jpeg"; sourceTree = "<group>"; };
		77CC9ED617AA52250042EB0B /* images-4.jpeg */ = {isa = PBXFileReference; lastKnownFileType = image.jpeg; path = "images-4.jpeg"; sourceTree = "<group>"; };
		77CC9ED717AA52250042EB0B /* images-3.jpeg */ = {isa = PBXFileReference; lastKnownFileType = image.jpeg; path = "images-3.jpeg"; sourceTree = "<group>"; };
		77CC9ED817AA52250042EB0B /* images-2.jpeg */ = {isa = PBXFileReference; lastKnownFileType = image.jpeg; path = "images-2.jpeg"; sourceTree = "<group>"; };
		77CC9ED917AA52250042EB0B /* images-1.jpeg */ = {isa = PBXFileReference; lastKnownFileType = image.jpeg; path = "images-1.jpeg"; sourceTree = "<group>"; };
		77CC9EDA17AA52250042EB0B /* images-8.jpeg */ = {isa = PBXFileReference; lastKnownFileType = image.jpeg; path = "images-8.jpeg"; sourceTree = "<group>"; };
		77CC9EDB17AA52250042EB0B /* images-9.jpeg */ = {isa = PBXFileReference; lastKnownFileType = image.jpeg; path = "images-9.jpeg"; sourceTree = "<group>"; };
		77CC9EDC17AA52250042EB0B /* images-10.jpeg */ = {isa = PBXFileReference; lastKnownFileType = image.jpeg; path = "images-10.jpeg"; sourceTree = "<group>"; };
		77CC9EE717AA52650042EB0B /* SampleData.plist */ = {isa = PBXFileReference; fileEncoding = 4; lastKnownFileType = text.plist.xml; path = SampleData.plist; sourceTree = "<group>"; };
		77D69FB517ABDE2B00DE21A4 /* sample.gif */ = {isa = PBXFileReference; lastKnownFileType = image.gif; path = sample.gif; sourceTree = "<group>"; };
/* End PBXFileReference section */

/* Begin PBXFrameworksBuildPhase section */
		7715882917A91CA700FEA414 /* Frameworks */ = {
			isa = PBXFrameworksBuildPhase;
			buildActionMask = 2147483647;
			files = (
				7715883017A91CA700FEA414 /* UIKit.framework in Frameworks */,
				7715883217A91CA700FEA414 /* Foundation.framework in Frameworks */,
				7715883417A91CA700FEA414 /* CoreGraphics.framework in Frameworks */,
			);
			runOnlyForDeploymentPostprocessing = 0;
		};
/* End PBXFrameworksBuildPhase section */

/* Begin PBXGroup section */
		7715882317A91CA700FEA414 = {
			isa = PBXGroup;
			children = (
				77D69FB517ABDE2B00DE21A4 /* sample.gif */,
				77CC9EE717AA52650042EB0B /* SampleData.plist */,
				77CC9ED217AA52030042EB0B /* Sample Images */,
				7715885917A9205500FEA414 /* DetailViewController.h */,
				7715885A17A9205500FEA414 /* DetailViewController.m */,
				7715885B17A9205500FEA414 /* DetailViewController.xib */,
				7715883517A91CA700FEA414 /* MJTransitionEffect */,
				7715882E17A91CA700FEA414 /* Frameworks */,
				7715882D17A91CA700FEA414 /* Products */,
			);
			sourceTree = "<group>";
		};
		7715882D17A91CA700FEA414 /* Products */ = {
			isa = PBXGroup;
			children = (
				7715882C17A91CA700FEA414 /* MJTransitionEffect.app */,
			);
			name = Products;
			sourceTree = "<group>";
		};
		7715882E17A91CA700FEA414 /* Frameworks */ = {
			isa = PBXGroup;
			children = (
				7715882F17A91CA700FEA414 /* UIKit.framework */,
				7715883117A91CA700FEA414 /* Foundation.framework */,
				7715883317A91CA700FEA414 /* CoreGraphics.framework */,
			);
			name = Frameworks;
			sourceTree = "<group>";
		};
		7715883517A91CA700FEA414 /* MJTransitionEffect */ = {
			isa = PBXGroup;
			children = (
				7715885717A91E6600FEA414 /* temp.png */,
				7715885217A91CF700FEA414 /* SampleCell.h */,
				7715885317A91CF700FEA414 /* SampleCell.m */,
				7715885417A91CF700FEA414 /* SampleCell.xib */,
				7715883E17A91CA700FEA414 /* AppDelegate.h */,
				7715883F17A91CA700FEA414 /* AppDelegate.m */,
				7715884717A91CA800FEA414 /* ViewController.h */,
				7715884817A91CA800FEA414 /* ViewController.m */,
				7715884A17A91CA800FEA414 /* ViewController.xib */,
				7715883617A91CA700FEA414 /* Supporting Files */,
			);
			name = MJTransitionEffect;
			path = AnimationMaximize;
			sourceTree = "<group>";
		};
		7715883617A91CA700FEA414 /* Supporting Files */ = {
			isa = PBXGroup;
			children = (
				7715883717A91CA700FEA414 /* MJTransitionEffect-Info.plist */,
				7715883817A91CA700FEA414 /* InfoPlist.strings */,
				7715883B17A91CA700FEA414 /* main.m */,
				7715883D17A91CA700FEA414 /* MJTransitionEffect-Prefix.pch */,
				7715884117A91CA700FEA414 /* Default.png */,
				7715884317A91CA800FEA414 /* Default@2x.png */,
				7715884517A91CA800FEA414 /* Default-568h@2x.png */,
			);
			name = "Supporting Files";
			sourceTree = "<group>";
		};
		77CC9ED217AA52030042EB0B /* Sample Images */ = {
			isa = PBXGroup;
			children = (
				77CC9ED317AA52250042EB0B /* images-7.jpeg */,
				77CC9ED417AA52250042EB0B /* images-6.jpeg */,
				77CC9ED517AA52250042EB0B /* images-5.jpeg */,
				77CC9ED617AA52250042EB0B /* images-4.jpeg */,
				77CC9ED717AA52250042EB0B /* images-3.jpeg */,
				77CC9ED817AA52250042EB0B /* images-2.jpeg */,
				77CC9ED917AA52250042EB0B /* images-1.jpeg */,
				77CC9EDA17AA52250042EB0B /* images-8.jpeg */,
				77CC9EDB17AA52250042EB0B /* images-9.jpeg */,
				77CC9EDC17AA52250042EB0B /* images-10.jpeg */,
			);
			name = "Sample Images";
			sourceTree = "<group>";
		};
/* End PBXGroup section */

/* Begin PBXNativeTarget section */
		7715882B17A91CA700FEA414 /* MJTransitionEffect */ = {
			isa = PBXNativeTarget;
			buildConfigurationList = 7715884F17A91CA800FEA414 /* Build configuration list for PBXNativeTarget "MJTransitionEffect" */;
			buildPhases = (
				7715882817A91CA700FEA414 /* Sources */,
				7715882917A91CA700FEA414 /* Frameworks */,
				7715882A17A91CA700FEA414 /* Resources */,
			);
			buildRules = (
			);
			dependencies = (
			);
			name = MJTransitionEffect;
			productName = AnimationMaximize;
			productReference = 7715882C17A91CA700FEA414 /* MJTransitionEffect.app */;
			productType = "com.apple.product-type.application";
		};
/* End PBXNativeTarget section */

/* Begin PBXProject section */
		7715882417A91CA700FEA414 /* Project object */ = {
			isa = PBXProject;
			attributes = {
				LastUpgradeCheck = 0460;
				ORGANIZATIONNAME = mayur;
			};
			buildConfigurationList = 7715882717A91CA700FEA414 /* Build configuration list for PBXProject "MJTransitionEffect" */;
			compatibilityVersion = "Xcode 3.2";
			developmentRegion = English;
			hasScannedForEncodings = 0;
			knownRegions = (
				en,
			);
			mainGroup = 7715882317A91CA700FEA414;
			productRefGroup = 7715882D17A91CA700FEA414 /* Products */;
			projectDirPath = "";
			projectRoot = "";
			targets = (
				7715882B17A91CA700FEA414 /* MJTransitionEffect */,
			);
		};
/* End PBXProject section */

/* Begin PBXResourcesBuildPhase section */
		7715882A17A91CA700FEA414 /* Resources */ = {
			isa = PBXResourcesBuildPhase;
			buildActionMask = 2147483647;
			files = (
				7715883A17A91CA700FEA414 /* InfoPlist.strings in Resources */,
				7715884217A91CA700FEA414 /* Default.png in Resources */,
				7715884417A91CA800FEA414 /* Default@2x.png in Resources */,
				7715884617A91CA800FEA414 /* Default-568h@2x.png in Resources */,
				7715884C17A91CA800FEA414 /* ViewController.xib in Resources */,
				7715885617A91CF700FEA414 /* SampleCell.xib in Resources */,
				7715885817A91E6600FEA414 /* temp.png in Resources */,
				7715885D17A9205500FEA414 /* DetailViewController.xib in Resources */,
				77CC9EDD17AA52250042EB0B /* images-7.jpeg in Resources */,
				77CC9EDE17AA52250042EB0B /* images-6.jpeg in Resources */,
				77CC9EDF17AA52250042EB0B /* images-5.jpeg in Resources */,
				77CC9EE017AA52250042EB0B /* images-4.jpeg in Resources */,
				77CC9EE117AA52250042EB0B /* images-3.jpeg in Resources */,
				77CC9EE217AA52250042EB0B /* images-2.jpeg in Resources */,
				77CC9EE317AA52250042EB0B /* images-1.jpeg in Resources */,
				77CC9EE417AA52250042EB0B /* images-8.jpeg in Resources */,
				77CC9EE517AA52250042EB0B /* images-9.jpeg in Resources */,
				77CC9EE617AA52250042EB0B /* images-10.jpeg in Resources */,
				77CC9EE817AA52650042EB0B /* SampleData.plist in Resources */,
				77D69FB617ABDE2B00DE21A4 /* sample.gif in Resources */,
			);
			runOnlyForDeploymentPostprocessing = 0;
		};
/* End PBXResourcesBuildPhase section */

/* Begin PBXSourcesBuildPhase section */
		7715882817A91CA700FEA414 /* Sources */ = {
			isa = PBXSourcesBuildPhase;
			buildActionMask = 2147483647;
			files = (
				7715883C17A91CA700FEA414 /* main.m in Sources */,
				7715884017A91CA700FEA414 /* AppDelegate.m in Sources */,
				7715884917A91CA800FEA414 /* ViewController.m in Sources */,
				7715885517A91CF700FEA414 /* SampleCell.m in Sources */,
				7715885C17A9205500FEA414 /* DetailViewController.m in Sources */,
			);
			runOnlyForDeploymentPostprocessing = 0;
		};
/* End PBXSourcesBuildPhase section */

/* Begin PBXVariantGroup section */
		7715883817A91CA700FEA414 /* InfoPlist.strings */ = {
			isa = PBXVariantGroup;
			children = (
				7715883917A91CA700FEA414 /* en */,
			);
			name = InfoPlist.strings;
			sourceTree = "<group>";
		};
		7715884A17A91CA800FEA414 /* ViewController.xib */ = {
			isa = PBXVariantGroup;
			children = (
				7715884B17A91CA800FEA414 /* en */,
			);
			name = ViewController.xib;
			sourceTree = "<group>";
		};
/* End PBXVariantGroup section */

/* Begin XCBuildConfiguration section */
		7715884D17A91CA800FEA414 /* Debug */ = {
			isa = XCBuildConfiguration;
			buildSettings = {
				ALWAYS_SEARCH_USER_PATHS = NO;
				CLANG_CXX_LANGUAGE_STANDARD = "gnu++0x";
				CLANG_CXX_LIBRARY = "libc++";
				CLANG_WARN_CONSTANT_CONVERSION = YES;
				CLANG_WARN_EMPTY_BODY = YES;
				CLANG_WARN_ENUM_CONVERSION = YES;
				CLANG_WARN_INT_CONVERSION = YES;
				CLANG_WARN__DUPLICATE_METHOD_MATCH = YES;
				CODE_SIGN_IDENTITY = "iPhone Developer: Anand Shah (A8VHE84DGR)";
				"CODE_SIGN_IDENTITY[sdk=iphoneos*]" = "iPhone Developer: Anand Shah (A8VHE84DGR)";
				COPY_PHASE_STRIP = NO;
				GCC_C_LANGUAGE_STANDARD = gnu99;
				GCC_DYNAMIC_NO_PIC = NO;
				GCC_OPTIMIZATION_LEVEL = 0;
				GCC_PREPROCESSOR_DEFINITIONS = (
					"DEBUG=1",
					"$(inherited)",
				);
				GCC_SYMBOLS_PRIVATE_EXTERN = NO;
				GCC_WARN_ABOUT_RETURN_TYPE = YES;
				GCC_WARN_UNINITIALIZED_AUTOS = YES;
				GCC_WARN_UNUSED_VARIABLE = YES;
				IPHONEOS_DEPLOYMENT_TARGET = 6.1;
				ONLY_ACTIVE_ARCH = YES;
				PROVISIONING_PROFILE = "454F9832-5D04-4B7A-857D-B6F429045F5E";
				"PROVISIONING_PROFILE[sdk=iphoneos*]" = "454F9832-5D04-4B7A-857D-B6F429045F5E";
				SDKROOT = iphoneos;
			};
			name = Debug;
		};
		7715884E17A91CA800FEA414 /* Release */ = {
			isa = XCBuildConfiguration;
			buildSettings = {
				ALWAYS_SEARCH_USER_PATHS = NO;
				CLANG_CXX_LANGUAGE_STANDARD = "gnu++0x";
				CLANG_CXX_LIBRARY = "libc++";
				CLANG_WARN_CONSTANT_CONVERSION = YES;
				CLANG_WARN_EMPTY_BODY = YES;
				CLANG_WARN_ENUM_CONVERSION = YES;
				CLANG_WARN_INT_CONVERSION = YES;
				CLANG_WARN__DUPLICATE_METHOD_MATCH = YES;
				CODE_SIGN_IDENTITY = "iPhone Developer: Anand Shah (A8VHE84DGR)";
				"CODE_SIGN_IDENTITY[sdk=iphoneos*]" = "iPhone Developer: Anand Shah (A8VHE84DGR)";
				COPY_PHASE_STRIP = YES;
				GCC_C_LANGUAGE_STANDARD = gnu99;
				GCC_WARN_ABOUT_RETURN_TYPE = YES;
				GCC_WARN_UNINITIALIZED_AUTOS = YES;
				GCC_WARN_UNUSED_VARIABLE = YES;
				IPHONEOS_DEPLOYMENT_TARGET = 6.1;
				OTHER_CFLAGS = "-DNS_BLOCK_ASSERTIONS=1";
				PROVISIONING_PROFILE = "454F9832-5D04-4B7A-857D-B6F429045F5E";
				"PROVISIONING_PROFILE[sdk=iphoneos*]" = "454F9832-5D04-4B7A-857D-B6F429045F5E";
				SDKROOT = iphoneos;
				VALIDATE_PRODUCT = YES;
			};
			name = Release;
		};
		7715885017A91CA800FEA414 /* Debug */ = {
			isa = XCBuildConfiguration;
			buildSettings = {
				CODE_SIGN_IDENTITY = "iPhone Developer: Anand Shah (A8VHE84DGR)";
				"CODE_SIGN_IDENTITY[sdk=iphoneos*]" = "iPhone Developer: Anand Shah (A8VHE84DGR)";
				GCC_PRECOMPILE_PREFIX_HEADER = YES;
				GCC_PREFIX_HEADER = "AnimationMaximize/MJTransitionEffect-Prefix.pch";
				INFOPLIST_FILE = "AnimationMaximize/MJTransitionEffect-Info.plist";
				PRODUCT_NAME = MJTransitionEffect;
				PROVISIONING_PROFILE = "2CD50994-F1F9-480F-AB70-BE79BF7A3DBE";
				"PROVISIONING_PROFILE[sdk=iphoneos*]" = "2CD50994-F1F9-480F-AB70-BE79BF7A3DBE";
				WRAPPER_EXTENSION = app;
			};
			name = Debug;
		};
		7715885117A91CA800FEA414 /* Release */ = {
			isa = XCBuildConfiguration;
			buildSettings = {
				CODE_SIGN_IDENTITY = "iPhone Developer: Anand Shah (A8VHE84DGR)";
				"CODE_SIGN_IDENTITY[sdk=iphoneos*]" = "iPhone Developer: Anand Shah (A8VHE84DGR)";
				GCC_PRECOMPILE_PREFIX_HEADER = YES;
				GCC_PREFIX_HEADER = "AnimationMaximize/MJTransitionEffect-Prefix.pch";
				INFOPLIST_FILE = "AnimationMaximize/MJTransitionEffect-Info.plist";
				PRODUCT_NAME = MJTransitionEffect;
				PROVISIONING_PROFILE = "2CD50994-F1F9-480F-AB70-BE79BF7A3DBE";
				"PROVISIONING_PROFILE[sdk=iphoneos*]" = "2CD50994-F1F9-480F-AB70-BE79BF7A3DBE";
				WRAPPER_EXTENSION = app;
			};
			name = Release;
		};
/* End XCBuildConfiguration section */

/* Begin XCConfigurationList section */
		7715882717A91CA700FEA414 /* Build configuration list for PBXProject "MJTransitionEffect" */ = {
			isa = XCConfigurationList;
			buildConfigurations = (
				7715884D17A91CA800FEA414 /* Debug */,
				7715884E17A91CA800FEA414 /* Release */,
			);
			defaultConfigurationIsVisible = 0;
			defaultConfigurationName = Release;
		};
		7715884F17A91CA800FEA414 /* Build configuration list for PBXNativeTarget "MJTransitionEffect" */ = {
			isa = XCConfigurationList;
			buildConfigurations = (
				7715885017A91CA800FEA414 /* Debug */,
				7715885117A91CA800FEA414 /* Release */,
			);
			defaultConfigurationIsVisible = 0;
			defaultConfigurationName = Release;
		};
/* End XCConfigurationList section */
	};
	rootObject = 7715882417A91CA700FEA414 /* Project object */;
}
